
Microsoft Visual Studio Solution File, Format Version 12.00
# Visual Studio Version 17
VisualStudioVersion = 17.14.36511.14 d17.14
MinimumVisualStudioVersion = 10.0.40219.1
Project("{2150E333-8FDC-42A3-9474-1A3956D46DE8}") = "LLM", "LLM", "{02EA681E-C7D8-13C7-8484-4AC65E1B71E8}"
EndProject
Project("{FAE04EC0-301F-11D3-BF4B-00C04F79EFBC}") = "TextCompletion", "TextCompletion\TextCompletion.csproj", "{5154BE4B-6B4E-4359-8F4B-7EA57369659B}"
EndProject
Global
	GlobalSection(SolutionConfigurationPlatforms) = preSolution
		Debug|Any CPU = Debug|Any CPU
		Release|Any CPU = Release|Any CPU
	EndGlobalSection
	GlobalSection(ProjectConfigurationPlatforms) = postSolution
		{5154BE4B-6B4E-4359-8F4B-7EA57369659B}.Debug|Any CPU.ActiveCfg = Debug|Any CPU
		{5154BE4B-6B4E-4359-8F4B-7EA57369659B}.Debug|Any CPU.Build.0 = Debug|Any CPU
		{5154BE4B-6B4E-4359-8F4B-7EA57369659B}.Release|Any CPU.ActiveCfg = Release|Any CPU
		{5154BE4B-6B4E-4359-8F4B-7EA57369659B}.Release|Any CPU.Build.0 = Release|Any CPU
	EndGlobalSection
	GlobalSection(SolutionProperties) = preSolution
		HideSolutionNode = FALSE
	EndGlobalSection
	GlobalSection(NestedProjects) = preSolution
		{5154BE4B-6B4E-4359-8F4B-7EA57369659B} = {02EA681E-C7D8-13C7-8484-4AC65E1B71E8}
	EndGlobalSection
	GlobalSection(ExtensibilityGlobals) = postSolution
		SolutionGuid = {94972D87-0603-435D-BF0F-804CA530C2F2}
	EndGlobalSection
EndGlobal
